<Solution>
  <Folder Name="/Solution Items/">
    <File Path="Notes.md" />
    <File Path="README.md" />
    <File Path="REFERENCES.md" />
  </Folder>
  <Project Path="../../SpawnDev.ILGPU.ML/SpawnDev.ILGPU.ML/SpawnDev.ILGPU.ML/SpawnDev.ILGPU.ML.csproj" />
  <Project Path="SpawnScene/SpawnScene.csproj" />
</Solution>
